// !$*UTF8*$!
{
	archiveVersion = 1;
	classes = {
	};
	objectVersion = 46;
	objects = {

/* Begin PBXBuildFile section */
		E53BB2AB1B9EDF2F0006F823 /* libjansson.dylib in Frameworks */ = {isa = PBXBuildFile; fileRef = E53BB2AA1B9EDF2F0006F823 /* libjansson.dylib */; };
		E53EE5541B9A27240034DB95 /* main.c in Sources */ = {isa = PBXBuildFile; fileRef = E53EE5531B9A27240034DB95 /* main.c */; };
/* End PBXBuildFile section */

/* Begin PBXCopyFilesBuildPhase section */
		E53EE54E1B9A27240034DB95 /* CopyFiles */ = {
			isa = PBXCopyFilesBuildPhase;
			buildActionMask = 2147483647;
			dstPath = /usr/share/man/man1/;
			dstSubfolderSpec = 0;
			files = (
			);
			runOnlyForDeploymentPostprocessing = 1;
		};
/* End PBXCopyFilesBuildPhase section */

/* Begin PBXFileReference section */
		E53BB2A81B9EDE540006F823 /* libjansson.4.dylib */ = {isa = PBXFileReference; lastKnownFileType = "compiled.mach-o.dylib"; name = libjansson.4.dylib; path = ../../../../usr/lib/libjansson.4.dylib; sourceTree = "<group>"; };
		E53BB2AA1B9EDF2F0006F823 /* libjansson.dylib */ = {isa = PBXFileReference; lastKnownFileType = "compiled.mach-o.dylib"; name = libjansson.dylib; path = ../../../../usr/local/Cellar/jansson/2.7/lib/libjansson.dylib; sourceTree = "<group>"; };
		E53EE5501B9A27240034DB95 /* Bank Account */ = {isa = PBXFileReference; explicitFileType = "compiled.mach-o.executable"; includeInIndex = 0; path = "Bank Account"; sourceTree = BUILT_PRODUCTS_DIR; };
		E53EE5531B9A27240034DB95 /* main.c */ = {isa = PBXFileReference; lastKnownFileType = sourcecode.c.c; path = main.c; sourceTree = "<group>"; };
		E5C8004E1B9EDA8100A66351 /* libjansson.dylib */ = {isa = PBXFileReference; lastKnownFileType = "compiled.mach-o.dylib"; name = libjansson.dylib; path = "../../Downloads/jansson-2.7/src/libjansson.dylib"; sourceTree = "<group>"; };
		E5C800501B9EDD9D00A66351 /* libjansson.dylib */ = {isa = PBXFileReference; lastKnownFileType = "compiled.mach-o.dylib"; name = libjansson.dylib; path = ../../../../usr/lib/libjansson.dylib; sourceTree = "<group>"; };
/* End PBXFileReference section */

/* Begin PBXFrameworksBuildPhase section */
		E53EE54D1B9A27240034DB95 /* Frameworks */ = {
			isa = PBXFrameworksBuildPhase;
			buildActionMask = 2147483647;
			files = (
				E53BB2AB1B9EDF2F0006F823 /* libjansson.dylib in Frameworks */,
			);
			runOnlyForDeploymentPostprocessing = 0;
		};
/* End PBXFrameworksBuildPhase section */

/* Begin PBXGroup section */
		E53EE5471B9A27240034DB95 = {
			isa = PBXGroup;
			children = (
				E53BB2AA1B9EDF2F0006F823 /* libjansson.dylib */,
				E53BB2A81B9EDE540006F823 /* libjansson.4.dylib */,
				E5C800501B9EDD9D00A66351 /* libjansson.dylib */,
				E5C8004E1B9EDA8100A66351 /* libjansson.dylib */,
				E53EE5521B9A27240034DB95 /* Bank Account */,
				E53EE5511B9A27240034DB95 /* Products */,
			);
			sourceTree = "<group>";
		};
		E53EE5511B9A27240034DB95 /* Products */ = {
			isa = PBXGroup;
			children = (
				E53EE5501B9A27240034DB95 /* Bank Account */,
			);
			name = Products;
			sourceTree = "<group>";
		};
		E53EE5521B9A27240034DB95 /* Bank Account */ = {
			isa = PBXGroup;
			children = (
				E53EE5531B9A27240034DB95 /* main.c */,
			);
			path = "Bank Account";
			sourceTree = "<group>";
		};
/* End PBXGroup section */

/* Begin PBXNativeTarget section */
		E53EE54F1B9A27240034DB95 /* Bank Account */ = {
			isa = PBXNativeTarget;
			buildConfigurationList = E53EE5571B9A27240034DB95 /* Build configuration list for PBXNativeTarget "Bank Account" */;
			buildPhases = (
				E53EE54C1B9A27240034DB95 /* Sources */,
				E53EE54D1B9A27240034DB95 /* Frameworks */,
				E53EE54E1B9A27240034DB95 /* CopyFiles */,
			);
			buildRules = (
			);
			dependencies = (
			);
			name = "Bank Account";
			productName = "Bank Account";
			productReference = E53EE5501B9A27240034DB95 /* Bank Account */;
			productType = "com.apple.product-type.tool";
		};
/* End PBXNativeTarget section */

/* Begin PBXProject section */
		E53EE5481B9A27240034DB95 /* Project object */ = {
			isa = PBXProject;
			attributes = {
				LastUpgradeCheck = 0640;
				ORGANIZATIONNAME = "Fabio Piazza";
				TargetAttributes = {
					E53EE54F1B9A27240034DB95 = {
						CreatedOnToolsVersion = 6.4;
					};
				};
			};
			buildConfigurationList = E53EE54B1B9A27240034DB95 /* Build configuration list for PBXProject "Bank Account" */;
			compatibilityVersion = "Xcode 3.2";
			developmentRegion = English;
			hasScannedForEncodings = 0;
			knownRegions = (
				en,
			);
			mainGroup = E53EE5471B9A27240034DB95;
			productRefGroup = E53EE5511B9A27240034DB95 /* Products */;
			projectDirPath = "";
			projectRoot = "";
			targets = (
				E53EE54F1B9A27240034DB95 /* Bank Account */,
			);
		};
/* End PBXProject section */

/* Begin PBXSourcesBuildPhase section */
		E53EE54C1B9A27240034DB95 /* Sources */ = {
			isa = PBXSourcesBuildPhase;
			buildActionMask = 2147483647;
			files = (
				E53EE5541B9A27240034DB95 /* main.c in Sources */,
			);
			runOnlyForDeploymentPostprocessing = 0;
		};
/* End PBXSourcesBuildPhase section */

/* Begin XCBuildConfiguration section */
		E53EE5551B9A27240034DB95 /* Debug */ = {
			isa = XCBuildConfiguration;
			buildSettings = {
				ALWAYS_SEARCH_USER_PATHS = NO;
				CLANG_CXX_LANGUAGE_STANDARD = "gnu++0x";
				CLANG_CXX_LIBRARY = "libc++";
				CLANG_ENABLE_MODULES = YES;
				CLANG_ENABLE_OBJC_ARC = YES;
				CLANG_WARN_BOOL_CONVERSION = YES;
				CLANG_WARN_CONSTANT_CONVERSION = YES;
				CLANG_WARN_DIRECT_OBJC_ISA_USAGE = YES_ERROR;
				CLANG_WARN_EMPTY_BODY = YES;
				CLANG_WARN_ENUM_CONVERSION = YES;
				CLANG_WARN_INT_CONVERSION = YES;
				CLANG_WARN_OBJC_ROOT_CLASS = YES_ERROR;
				CLANG_WARN_UNREACHABLE_CODE = YES;
				CLANG_WARN__DUPLICATE_METHOD_MATCH = YES;
				COPY_PHASE_STRIP = NO;
				DEBUG_INFORMATION_FORMAT = dwarf;
				ENABLE_STRICT_OBJC_MSGSEND = YES;
				GCC_C_LANGUAGE_STANDARD = gnu99;
				GCC_DYNAMIC_NO_PIC = NO;
				GCC_NO_COMMON_BLOCKS = YES;
				GCC_OPTIMIZATION_LEVEL = 0;
				GCC_PREPROCESSOR_DEFINITIONS = (
					"DEBUG=1",
					"$(inherited)",
				);
				GCC_SYMBOLS_PRIVATE_EXTERN = NO;
				GCC_WARN_64_TO_32_BIT_CONVERSION = YES;
				GCC_WARN_ABOUT_RETURN_TYPE = YES_ERROR;
				GCC_WARN_UNDECLARED_SELECTOR = YES;
				GCC_WARN_UNINITIALIZED_AUTOS = YES_AGGRESSIVE;
				GCC_WARN_UNUSED_FUNCTION = YES;
				GCC_WARN_UNUSED_VARIABLE = YES;
				MACOSX_DEPLOYMENT_TARGET = 10.10;
				MTL_ENABLE_DEBUG_INFO = YES;
				ONLY_ACTIVE_ARCH = YES;
				SDKROOT = macosx;
			};
			name = Debug;
		};
		E53EE5561B9A27240034DB95 /* Release */ = {
			isa = XCBuildConfiguration;
			buildSettings = {
				ALWAYS_SEARCH_USER_PATHS = NO;
				CLANG_CXX_LANGUAGE_STANDARD = "gnu++0x";
				CLANG_CXX_LIBRARY = "libc++";
				CLANG_ENABLE_MODULES = YES;
				CLANG_ENABLE_OBJC_ARC = YES;
				CLANG_WARN_BOOL_CONVERSION = YES;
				CLANG_WARN_CONSTANT_CONVERSION = YES;
				CLANG_WARN_DIRECT_OBJC_ISA_USAGE = YES_ERROR;
				CLANG_WARN_EMPTY_BODY = YES;
				CLANG_WARN_ENUM_CONVERSION = YES;
				CLANG_WARN_INT_CONVERSION = YES;
				CLANG_WARN_OBJC_ROOT_CLASS = YES_ERROR;
				CLANG_WARN_UNREACHABLE_CODE = YES;
				CLANG_WARN__DUPLICATE_METHOD_MATCH = YES;
				COPY_PHASE_STRIP = NO;
				DEBUG_INFORMATION_FORMAT = "dwarf-with-dsym";
				ENABLE_NS_ASSERTIONS = NO;
				ENABLE_STRICT_OBJC_MSGSEND = YES;
				GCC_C_LANGUAGE_STANDARD = gnu99;
				GCC_NO_COMMON_BLOCKS = YES;
				GCC_WARN_64_TO_32_BIT_CONVERSION = YES;
				GCC_WARN_ABOUT_RETURN_TYPE = YES_ERROR;
				GCC_WARN_UNDECLARED_SELECTOR = YES;
				GCC_WARN_UNINITIALIZED_AUTOS = YES_AGGRESSIVE;
				GCC_WARN_UNUSED_FUNCTION = YES;
				GCC_WARN_UNUSED_VARIABLE = YES;
				MACOSX_DEPLOYMENT_TARGET = 10.10;
				MTL_ENABLE_DEBUG_INFO = NO;
				SDKROOT = macosx;
			};
			name = Release;
		};
		E53EE5581B9A27240034DB95 /* Debug */ = {
			isa = XCBuildConfiguration;
			buildSettings = {
				HEADER_SEARCH_PATHS = (
					"$(inherited)",
					/Applications/Xcode.app/Contents/Developer/Toolchains/XcodeDefault.xctoolchain/usr/include,
					/usr/local/include,
				);
				LIBRARY_SEARCH_PATHS = (
					/usr/local/Cellar/jansson/2.7/lib/,
					/usr/local/Cellar/jansson/2.7/lib,
				);
				PRODUCT_NAME = "$(TARGET_NAME)";
			};
			name = Debug;
		};
		E53EE5591B9A27240034DB95 /* Release */ = {
			isa = XCBuildConfiguration;
			buildSettings = {
				HEADER_SEARCH_PATHS = (
					"$(inherited)",
					/Applications/Xcode.app/Contents/Developer/Toolchains/XcodeDefault.xctoolchain/usr/include,
					/usr/local/include,
				);
				LIBRARY_SEARCH_PATHS = (
					/usr/local/Cellar/jansson/2.7/lib/,
					/usr/local/Cellar/jansson/2.7/lib,
				);
				PRODUCT_NAME = "$(TARGET_NAME)";
			};
			name = Release;
		};
/* End XCBuildConfiguration section */

/* Begin XCConfigurationList section */
		E53EE54B1B9A27240034DB95 /* Build configuration list for PBXProject "Bank Account" */ = {
			isa = XCConfigurationList;
			buildConfigurations = (
				E53EE5551B9A27240034DB95 /* Debug */,
				E53EE5561B9A27240034DB95 /* Release */,
			);
			defaultConfigurationIsVisible = 0;
			defaultConfigurationName = Release;
		};
		E53EE5571B9A27240034DB95 /* Build configuration list for PBXNativeTarget "Bank Account" */ = {
			isa = XCConfigurationList;
			buildConfigurations = (
				E53EE5581B9A27240034DB95 /* Debug */,
				E53EE5591B9A27240034DB95 /* Release */,
			);
			defaultConfigurationIsVisible = 0;
			defaultConfigurationName = Release;
		};
/* End XCConfigurationList section */
	};
	rootObject = E53EE5481B9A27240034DB95 /* Project object */;
}
